
Microsoft Visual Studio Solution File, Format Version 12.00
# Visual Studio 15
VisualStudioVersion = 15.0.28010.2016
MinimumVisualStudioVersion = 10.0.40219.1
Project("{9A19103F-16F7-4668-BE54-9A1E7A4F7556}") = "Utils", "Utils\Utils.csproj", "{9A725E3E-1E8B-4E2A-8930-3CFD3EB6AD22}"
EndProject
Project("{9A19103F-16F7-4668-BE54-9A1E7A4F7556}") = "MovieMgr.ConsoleFillDb", "MovieMgr.ConsoleFillDb\MovieMgr.ConsoleFillDb.csproj", "{9F69BEE8-0DF2-4BC7-A713-194DFBA40818}"
EndProject
Project("{9A19103F-16F7-4668-BE54-9A1E7A4F7556}") = "MovieMgr.Core", "MovieMgr.Core\MovieMgr.Core.csproj", "{786244B9-3367-4679-A79A-5A0168905F7E}"
EndProject
Project("{9A19103F-16F7-4668-BE54-9A1E7A4F7556}") = "MovieMgr.Persistence", "MovieMgr.Persistence\MovieMgr.Persistence.csproj", "{DD5BEE2E-3847-4F1E-AE25-F638F07C8A02}"
EndProject
Global
	GlobalSection(SolutionConfigurationPlatforms) = preSolution
		Debug|Any CPU = Debug|Any CPU
		Release|Any CPU = Release|Any CPU
	EndGlobalSection
	GlobalSection(ProjectConfigurationPlatforms) = postSolution
		{9A725E3E-1E8B-4E2A-8930-3CFD3EB6AD22}.Debug|Any CPU.ActiveCfg = Debug|Any CPU
		{9A725E3E-1E8B-4E2A-8930-3CFD3EB6AD22}.Debug|Any CPU.Build.0 = Debug|Any CPU
		{9A725E3E-1E8B-4E2A-8930-3CFD3EB6AD22}.Release|Any CPU.ActiveCfg = Release|Any CPU
		{9A725E3E-1E8B-4E2A-8930-3CFD3EB6AD22}.Release|Any CPU.Build.0 = Release|Any CPU
		{9F69BEE8-0DF2-4BC7-A713-194DFBA40818}.Debug|Any CPU.ActiveCfg = Debug|Any CPU
		{9F69BEE8-0DF2-4BC7-A713-194DFBA40818}.Debug|Any CPU.Build.0 = Debug|Any CPU
		{9F69BEE8-0DF2-4BC7-A713-194DFBA40818}.Release|Any CPU.ActiveCfg = Release|Any CPU
		{9F69BEE8-0DF2-4BC7-A713-194DFBA40818}.Release|Any CPU.Build.0 = Release|Any CPU
		{786244B9-3367-4679-A79A-5A0168905F7E}.Debug|Any CPU.ActiveCfg = Debug|Any CPU
		{786244B9-3367-4679-A79A-5A0168905F7E}.Debug|Any CPU.Build.0 = Debug|Any CPU
		{786244B9-3367-4679-A79A-5A0168905F7E}.Release|Any CPU.ActiveCfg = Release|Any CPU
		{786244B9-3367-4679-A79A-5A0168905F7E}.Release|Any CPU.Build.0 = Release|Any CPU
		{DD5BEE2E-3847-4F1E-AE25-F638F07C8A02}.Debug|Any CPU.ActiveCfg = Debug|Any CPU
		{DD5BEE2E-3847-4F1E-AE25-F638F07C8A02}.Debug|Any CPU.Build.0 = Debug|Any CPU
		{DD5BEE2E-3847-4F1E-AE25-F638F07C8A02}.Release|Any CPU.ActiveCfg = Release|Any CPU
		{DD5BEE2E-3847-4F1E-AE25-F638F07C8A02}.Release|Any CPU.Build.0 = Release|Any CPU
	EndGlobalSection
	GlobalSection(SolutionProperties) = preSolution
		HideSolutionNode = FALSE
	EndGlobalSection
	GlobalSection(ExtensibilityGlobals) = postSolution
		SolutionGuid = {08674229-41EC-4458-8C53-B00F50316F9C}
	EndGlobalSection
EndGlobal
